
Microsoft Visual Studio Solution File, Format Version 12.00
# Visual Studio 15
VisualStudioVersion = 15.0.28010.2050
MinimumVisualStudioVersion = 10.0.40219.1
Project("{FAE04EC0-301F-11D3-BF4B-00C04F79EFBC}") = "WPF1", "WPF1\WPF1.csproj", "{F6CCCB7B-5BB3-41A0-BBEB-E98C63A50310}"
EndProject
Global
	GlobalSection(SolutionConfigurationPlatforms) = preSolution
		Debug|Any CPU = Debug|Any CPU
		Release|Any CPU = Release|Any CPU
	EndGlobalSection
	GlobalSection(ProjectConfigurationPlatforms) = postSolution
		{F6CCCB7B-5BB3-41A0-BBEB-E98C63A50310}.Debug|Any CPU.ActiveCfg = Debug|Any CPU
		{F6CCCB7B-5BB3-41A0-BBEB-E98C63A50310}.Debug|Any CPU.Build.0 = Debug|Any CPU
		{F6CCCB7B-5BB3-41A0-BBEB-E98C63A50310}.Release|Any CPU.ActiveCfg = Release|Any CPU
		{F6CCCB7B-5BB3-41A0-BBEB-E98C63A50310}.Release|Any CPU.Build.0 = Release|Any CPU
	EndGlobalSection
	GlobalSection(SolutionProperties) = preSolution
		HideSolutionNode = FALSE
	EndGlobalSection
	GlobalSection(ExtensibilityGlobals) = postSolution
		SolutionGuid = {DAA07736-B88A-47B0-87F5-CEC31054717C}
	EndGlobalSection
EndGlobal
